
Microsoft Visual Studio Solution File, Format Version 12.00
# Visual Studio Version 16
VisualStudioVersion = 16.0.30309.148
MinimumVisualStudioVersion = 10.0.40219.1
Project("{FAE04EC0-301F-11D3-BF4B-00C04F79EFBC}") = "Labtask", "Labtask\Labtask.csproj", "{7807F9E9-83A9-4745-B3C1-B122B6F48E19}"
EndProject
Global
	GlobalSection(SolutionConfigurationPlatforms) = preSolution
		Debug|Any CPU = Debug|Any CPU
		Release|Any CPU = Release|Any CPU
	EndGlobalSection
	GlobalSection(ProjectConfigurationPlatforms) = postSolution
		{7807F9E9-83A9-4745-B3C1-B122B6F48E19}.Debug|Any CPU.ActiveCfg = Debug|Any CPU
		{7807F9E9-83A9-4745-B3C1-B122B6F48E19}.Debug|Any CPU.Build.0 = Debug|Any CPU
		{7807F9E9-83A9-4745-B3C1-B122B6F48E19}.Release|Any CPU.ActiveCfg = Release|Any CPU
		{7807F9E9-83A9-4745-B3C1-B122B6F48E19}.Release|Any CPU.Build.0 = Release|Any CPU
	EndGlobalSection
	GlobalSection(SolutionProperties) = preSolution
		HideSolutionNode = FALSE
	EndGlobalSection
	GlobalSection(ExtensibilityGlobals) = postSolution
		SolutionGuid = {FB03C43F-D76E-4822-93CA-DA3D3824D959}
	EndGlobalSection
EndGlobal
