
Microsoft Visual Studio Solution File, Format Version 12.00
# Visual Studio Version 16
VisualStudioVersion = 16.0.30330.147
MinimumVisualStudioVersion = 10.0.40219.1
Project("{9A19103F-16F7-4668-BE54-9A1E7A4F7556}") = "18-38489-2", "18-38489-2.csproj", "{F797F3B9-67C7-4CDD-9BDE-B5159FABED51}"
EndProject
Global
	GlobalSection(SolutionConfigurationPlatforms) = preSolution
		Debug|Any CPU = Debug|Any CPU
		Release|Any CPU = Release|Any CPU
	EndGlobalSection
	GlobalSection(ProjectConfigurationPlatforms) = postSolution
		{F797F3B9-67C7-4CDD-9BDE-B5159FABED51}.Debug|Any CPU.ActiveCfg = Debug|Any CPU
		{F797F3B9-67C7-4CDD-9BDE-B5159FABED51}.Debug|Any CPU.Build.0 = Debug|Any CPU
		{F797F3B9-67C7-4CDD-9BDE-B5159FABED51}.Release|Any CPU.ActiveCfg = Release|Any CPU
		{F797F3B9-67C7-4CDD-9BDE-B5159FABED51}.Release|Any CPU.Build.0 = Release|Any CPU
	EndGlobalSection
	GlobalSection(SolutionProperties) = preSolution
		HideSolutionNode = FALSE
	EndGlobalSection
	GlobalSection(ExtensibilityGlobals) = postSolution
		SolutionGuid = {168B089D-A0B9-4BA8-9946-1141AABE3F22}
	EndGlobalSection
EndGlobal
